// !$*UTF8*$!
{
	archiveVersion = 1;
	classes = {
	};
	objectVersion = 51;
	objects = {

/* Begin PBXBuildFile section */
		27147AFF2124A97E06A86996 /* Pods_Filmies.framework in Frameworks */ = {isa = PBXBuildFile; fileRef = 0E1DF6C58740873839F5188D /* Pods_Filmies.framework */; };
		E50254F626983E6B000C6F03 /* ModelData.swift in Sources */ = {isa = PBXBuildFile; fileRef = E50254F526983E6B000C6F03 /* ModelData.swift */; };
		E50254F826983E80000C6F03 /* Movie.swift in Sources */ = {isa = PBXBuildFile; fileRef = E50254F726983E80000C6F03 /* Movie.swift */; };
		E503173D26CCB914009155E7 /* ListItem.swift in Sources */ = {isa = PBXBuildFile; fileRef = E503173C26CCB914009155E7 /* ListItem.swift */; };
		E50DBD7E26A2BA43005948E7 /* WebPlayerView.swift in Sources */ = {isa = PBXBuildFile; fileRef = E50DBD7D26A2BA43005948E7 /* WebPlayerView.swift */; };
		E515A1572697FC85008D4FE4 /* FilmiesApp.swift in Sources */ = {isa = PBXBuildFile; fileRef = E515A1562697FC85008D4FE4 /* FilmiesApp.swift */; };
		E515A1592697FC85008D4FE4 /* ContentView.swift in Sources */ = {isa = PBXBuildFile; fileRef = E515A1582697FC85008D4FE4 /* ContentView.swift */; };
		E515A15B2697FC95008D4FE4 /* Assets.xcassets in Resources */ = {isa = PBXBuildFile; fileRef = E515A15A2697FC95008D4FE4 /* Assets.xcassets */; };
		E515A15E2697FC95008D4FE4 /* Preview Assets.xcassets in Resources */ = {isa = PBXBuildFile; fileRef = E515A15D2697FC95008D4FE4 /* Preview Assets.xcassets */; };
		E52294B026E0D02900DD3E09 /* Creator.swift in Sources */ = {isa = PBXBuildFile; fileRef = E52294AF26E0D02700DD3E09 /* Creator.swift */; };
		E5269CF926FC6AEA0061E48E /* WidgetKit.framework in Frameworks */ = {isa = PBXBuildFile; fileRef = E5269CF826FC6AEA0061E48E /* WidgetKit.framework */; };
		E5269CFB26FC6AEB0061E48E /* SwiftUI.framework in Frameworks */ = {isa = PBXBuildFile; fileRef = E5269CFA26FC6AEA0061E48E /* SwiftUI.framework */; };
		E5269CFE26FC6AEB0061E48E /* FilmiesWidget.swift in Sources */ = {isa = PBXBuildFile; fileRef = E5269CFD26FC6AEB0061E48E /* FilmiesWidget.swift */; };
		E5269D0126FC6AF80061E48E /* Assets.xcassets in Resources */ = {isa = PBXBuildFile; fileRef = E5269D0026FC6AF80061E48E /* Assets.xcassets */; };
		E5269D0326FC6AF90061E48E /* FilmiesWidget.intentdefinition in Sources */ = {isa = PBXBuildFile; fileRef = E5269CFF26FC6AEB0061E48E /* FilmiesWidget.intentdefinition */; };
		E5269D0426FC6AF90061E48E /* FilmiesWidget.intentdefinition in Sources */ = {isa = PBXBuildFile; fileRef = E5269CFF26FC6AEB0061E48E /* FilmiesWidget.intentdefinition */; };
		E5269D0726FC6AF90061E48E /* FilmiesWidgetExtension.appex in Embed App Extensions */ = {isa = PBXBuildFile; fileRef = E5269CF726FC6AEA0061E48E /* FilmiesWidgetExtension.appex */; settings = {ATTRIBUTES = (RemoveHeadersOnCopy, ); }; };
		E5269D0D26FC6F0F0061E48E /* Assets.xcassets in Resources */ = {isa = PBXBuildFile; fileRef = E515A15A2697FC95008D4FE4 /* Assets.xcassets */; };
		E5269D0E26FC6F9D0061E48E /* Constants.swift in Sources */ = {isa = PBXBuildFile; fileRef = E577698E26A6F6220076D7CF /* Constants.swift */; };
		E5269D0F26FC79900061E48E /* URLSession+Extension.swift in Sources */ = {isa = PBXBuildFile; fileRef = E54B4D4F26BFCF4A00BE5461 /* URLSession+Extension.swift */; };
		E5269D1026FC87A20061E48E /* Config.xcconfig in Resources */ = {isa = PBXBuildFile; fileRef = E5AC242C269AAD8300FBBDD3 /* Config.xcconfig */; };
		E52B8DD926C53AEF0032BC4A /* CustomScrollView.swift in Sources */ = {isa = PBXBuildFile; fileRef = E52B8DD826C53AEF0032BC4A /* CustomScrollView.swift */; };
		E52B8DDB26C53DD00032BC4A /* View+Extension.swift in Sources */ = {isa = PBXBuildFile; fileRef = E52B8DDA26C53DD00032BC4A /* View+Extension.swift */; };
		E52C334726B13E5F0080031F /* FilmTrailer.swift in Sources */ = {isa = PBXBuildFile; fileRef = E52C334626B13E5E0080031F /* FilmTrailer.swift */; };
		E52C334926B146320080031F /* TitleComponent.swift in Sources */ = {isa = PBXBuildFile; fileRef = E52C334826B146320080031F /* TitleComponent.swift */; };
		E53AD01526FED9E70034DE21 /* Genre.swift in Sources */ = {isa = PBXBuildFile; fileRef = E564B11E26AC01EF002637A9 /* Genre.swift */; };
		E53AD01626FED9EA0034DE21 /* Language.swift in Sources */ = {isa = PBXBuildFile; fileRef = E564B12026AC0203002637A9 /* Language.swift */; };
		E53AD01726FED9ED0034DE21 /* Production.swift in Sources */ = {isa = PBXBuildFile; fileRef = E560797226B7E3E600D6C7B5 /* Production.swift */; };
		E53AD01826FED9F10034DE21 /* Films.swift in Sources */ = {isa = PBXBuildFile; fileRef = E5A0CBB8269845D20088F968 /* Films.swift */; };
		E53AD01926FED9F40034DE21 /* Film.swift in Sources */ = {isa = PBXBuildFile; fileRef = E574286A26BACCEF006CC990 /* Film.swift */; };
		E53AD01A26FEDA020034DE21 /* Videos.swift in Sources */ = {isa = PBXBuildFile; fileRef = E5EEA1F226A68C6E004BFA25 /* Videos.swift */; };
		E53AD01B26FEDA040034DE21 /* Video.swift in Sources */ = {isa = PBXBuildFile; fileRef = E5EEA1F426A68C91004BFA25 /* Video.swift */; };
		E53AD01C26FEDA0E0034DE21 /* Movie.swift in Sources */ = {isa = PBXBuildFile; fileRef = E50254F726983E80000C6F03 /* Movie.swift */; };
		E53AD01D26FEDA130034DE21 /* TvShow.swift in Sources */ = {isa = PBXBuildFile; fileRef = E574286826BACCD1006CC990 /* TvShow.swift */; };
		E53AD01E26FEDA170034DE21 /* Creator.swift in Sources */ = {isa = PBXBuildFile; fileRef = E52294AF26E0D02700DD3E09 /* Creator.swift */; };
		E53AD01F26FEDA1A0034DE21 /* Season.swift in Sources */ = {isa = PBXBuildFile; fileRef = E5A0DF8426BD061E00C0FA11 /* Season.swift */; };
		E53AD02026FEDA270034DE21 /* Casts.swift in Sources */ = {isa = PBXBuildFile; fileRef = E5FB89BD26AAAB3300A496CB /* Casts.swift */; };
		E53AD02126FEDA2B0034DE21 /* Cast.swift in Sources */ = {isa = PBXBuildFile; fileRef = E5FB89C026AAB1A100A496CB /* Cast.swift */; };
		E53AD02226FEDA2E0034DE21 /* Crew.swift in Sources */ = {isa = PBXBuildFile; fileRef = E5FB89C226AAB1B500A496CB /* Crew.swift */; };
		E53AD02326FEDA340034DE21 /* Images.swift in Sources */ = {isa = PBXBuildFile; fileRef = E5A7A52B26B6A5AD0062B756 /* Images.swift */; };
		E53AD02426FEDA370034DE21 /* Photo.swift in Sources */ = {isa = PBXBuildFile; fileRef = E5A7A52D26B6A5C50062B756 /* Photo.swift */; };
		E53AD02526FEDA3B0034DE21 /* People.swift in Sources */ = {isa = PBXBuildFile; fileRef = E558D2C926DF4569007A1801 /* People.swift */; };
		E53AD02626FEDA3E0034DE21 /* Credits.swift in Sources */ = {isa = PBXBuildFile; fileRef = E558D2CE26DF890C007A1801 /* Credits.swift */; };
		E53AD02726FEE02A0034DE21 /* CustomColor.swift in Sources */ = {isa = PBXBuildFile; fileRef = E5B3AF3026A0384B004B2DCC /* CustomColor.swift */; };
		E53AD02826FEE02D0034DE21 /* Direction.swift in Sources */ = {isa = PBXBuildFile; fileRef = E5943ABD26B9345000CF9836 /* Direction.swift */; };
		E53AD02926FEE0300034DE21 /* FilmType.swift in Sources */ = {isa = PBXBuildFile; fileRef = E55C503826BBE5010059EBD3 /* FilmType.swift */; };
		E53AD02B26FEE0420034DE21 /* ModelData.swift in Sources */ = {isa = PBXBuildFile; fileRef = E50254F526983E6B000C6F03 /* ModelData.swift */; };
		E53AD02C26FEE04C0034DE21 /* Calendar+Extension.swift in Sources */ = {isa = PBXBuildFile; fileRef = E54B4D4D26BFCF2B00BE5461 /* Calendar+Extension.swift */; };
		E53AD02D26FEE04F0034DE21 /* Collection+Extension.swift in Sources */ = {isa = PBXBuildFile; fileRef = E5663AC926B9457A00506BCA /* Collection+Extension.swift */; };
		E53AD02E26FEE0520034DE21 /* Date+Extension.swift in Sources */ = {isa = PBXBuildFile; fileRef = E5C9574026B3EA0F007B1B1D /* Date+Extension.swift */; };
		E53AD02F26FEE0550034DE21 /* Double+Extension.swift in Sources */ = {isa = PBXBuildFile; fileRef = E5CFD86626B3FBD400F2C6C8 /* Double+Extension.swift */; };
		E53AD03026FEE0580034DE21 /* Int+Extension.swift in Sources */ = {isa = PBXBuildFile; fileRef = E5C9574326B3ED90007B1B1D /* Int+Extension.swift */; };
		E53AD03126FEE05B0034DE21 /* String+Extension.swift in Sources */ = {isa = PBXBuildFile; fileRef = E5B5785826B506D4005D86BD /* String+Extension.swift */; };
		E53AD03226FEE0630034DE21 /* View+Extension.swift in Sources */ = {isa = PBXBuildFile; fileRef = E52B8DDA26C53DD00032BC4A /* View+Extension.swift */; };
		E53AD03426FEE2D20034DE21 /* WidgetView.swift in Sources */ = {isa = PBXBuildFile; fileRef = E53AD03326FEE2D20034DE21 /* WidgetView.swift */; };
		E545C07C279AB56300E17660 /* TransparentGroupBox.swift in Sources */ = {isa = PBXBuildFile; fileRef = E545C07B279AB56200E17660 /* TransparentGroupBox.swift */; };
		E54B4D4526BFC3E200BE5461 /* ChartTab.swift in Sources */ = {isa = PBXBuildFile; fileRef = E54B4D4426BFC3E100BE5461 /* ChartTab.swift */; };
		E54B4D4726BFC40F00BE5461 /* UnderlineText.swift in Sources */ = {isa = PBXBuildFile; fileRef = E54B4D4626BFC40F00BE5461 /* UnderlineText.swift */; };
		E54B4D4E26BFCF2B00BE5461 /* Calendar+Extension.swift in Sources */ = {isa = PBXBuildFile; fileRef = E54B4D4D26BFCF2B00BE5461 /* Calendar+Extension.swift */; };
		E54B4D5026BFCF4A00BE5461 /* URLSession+Extension.swift in Sources */ = {isa = PBXBuildFile; fileRef = E54B4D4F26BFCF4A00BE5461 /* URLSession+Extension.swift */; };
		E54CC43A269D8DBE0083C6FE /* CardView.swift in Sources */ = {isa = PBXBuildFile; fileRef = E54CC439269D8DBD0083C6FE /* CardView.swift */; };
		E54CC43D269D8E8C0083C6FE /* CardElementView.swift in Sources */ = {isa = PBXBuildFile; fileRef = E54CC43C269D8E8B0083C6FE /* CardElementView.swift */; };
		E54CC43F269D8EC50083C6FE /* FilmView.swift in Sources */ = {isa = PBXBuildFile; fileRef = E54CC43E269D8EC50083C6FE /* FilmView.swift */; };
		E551B052269C6C0D005D9613 /* Launch Screen.storyboard in Resources */ = {isa = PBXBuildFile; fileRef = E551B051269C6C0D005D9613 /* Launch Screen.storyboard */; };
		E558D2C826DF3643007A1801 /* PeopleView.swift in Sources */ = {isa = PBXBuildFile; fileRef = E558D2C726DF3643007A1801 /* PeopleView.swift */; };
		E558D2CA26DF456A007A1801 /* People.swift in Sources */ = {isa = PBXBuildFile; fileRef = E558D2C926DF4569007A1801 /* People.swift */; };
		E558D2CF26DF890C007A1801 /* Credits.swift in Sources */ = {isa = PBXBuildFile; fileRef = E558D2CE26DF890C007A1801 /* Credits.swift */; };
		E55C503926BBE5020059EBD3 /* FilmType.swift in Sources */ = {isa = PBXBuildFile; fileRef = E55C503826BBE5010059EBD3 /* FilmType.swift */; };
		E55C503D26BBE7550059EBD3 /* CustomPicker.swift in Sources */ = {isa = PBXBuildFile; fileRef = E55C503C26BBE7550059EBD3 /* CustomPicker.swift */; };
		E55C503F26BBF0460059EBD3 /* FilmDescriptions.swift in Sources */ = {isa = PBXBuildFile; fileRef = E55C503E26BBF0460059EBD3 /* FilmDescriptions.swift */; };
		E55C504126BBF0820059EBD3 /* FilmCasts.swift in Sources */ = {isa = PBXBuildFile; fileRef = E55C504026BBF0820059EBD3 /* FilmCasts.swift */; };
		E55FF2932700447000D2BE68 /* sampleData.json in Resources */ = {isa = PBXBuildFile; fileRef = E55FF2922700446F00D2BE68 /* sampleData.json */; };
		E55FF2942700447000D2BE68 /* sampleData.json in Resources */ = {isa = PBXBuildFile; fileRef = E55FF2922700446F00D2BE68 /* sampleData.json */; };
		E560797326B7E3E600D6C7B5 /* Production.swift in Sources */ = {isa = PBXBuildFile; fileRef = E560797226B7E3E600D6C7B5 /* Production.swift */; };
		E562147827030EBC0067FA36 /* IconButton.swift in Sources */ = {isa = PBXBuildFile; fileRef = E562147727030EBB0067FA36 /* IconButton.swift */; };
		E562528C26CBF7EA001375AA /* CardList.swift in Sources */ = {isa = PBXBuildFile; fileRef = E562528B26CBF7E9001375AA /* CardList.swift */; };
		E563EB8526B25C8F00324CA6 /* AccountView.swift in Sources */ = {isa = PBXBuildFile; fileRef = E563EB8426B25C8F00324CA6 /* AccountView.swift */; };
		E564B11926ABFAE4002637A9 /* FilmDetails.swift in Sources */ = {isa = PBXBuildFile; fileRef = E564B11826ABFAE4002637A9 /* FilmDetails.swift */; };
		E564B11D26ABFCDB002637A9 /* CustomDivider.swift in Sources */ = {isa = PBXBuildFile; fileRef = E564B11C26ABFCDB002637A9 /* CustomDivider.swift */; };
		E564B11F26AC01EF002637A9 /* Genre.swift in Sources */ = {isa = PBXBuildFile; fileRef = E564B11E26AC01EF002637A9 /* Genre.swift */; };
		E564B12126AC0203002637A9 /* Language.swift in Sources */ = {isa = PBXBuildFile; fileRef = E564B12026AC0203002637A9 /* Language.swift */; };
		E5663ACA26B9457A00506BCA /* Collection+Extension.swift in Sources */ = {isa = PBXBuildFile; fileRef = E5663AC926B9457A00506BCA /* Collection+Extension.swift */; };
		E568627926A970A300A83FCB /* SearchView.swift in Sources */ = {isa = PBXBuildFile; fileRef = E568627826A970A300A83FCB /* SearchView.swift */; };
		E56870C426B7F61E002BA55F /* FilmComponent.swift in Sources */ = {isa = PBXBuildFile; fileRef = E56870C126B7F61E002BA55F /* FilmComponent.swift */; };
		E56870C526B7F61E002BA55F /* VerticalComponent.swift in Sources */ = {isa = PBXBuildFile; fileRef = E56870C226B7F61E002BA55F /* VerticalComponent.swift */; };
		E56870C626B7F61E002BA55F /* HorizontalComponent.swift in Sources */ = {isa = PBXBuildFile; fileRef = E56870C326B7F61E002BA55F /* HorizontalComponent.swift */; };
		E56A3BF22699622800494650 /* CategoryRow.swift in Sources */ = {isa = PBXBuildFile; fileRef = E56A3BF12699622800494650 /* CategoryRow.swift */; };
		E572603026A00D3000864493 /* ScrollTabView.swift in Sources */ = {isa = PBXBuildFile; fileRef = E572602F26A00D2F00864493 /* ScrollTabView.swift */; };
		E572603226A00D5B00864493 /* RoundedText.swift in Sources */ = {isa = PBXBuildFile; fileRef = E572603126A00D5B00864493 /* RoundedText.swift */; };
		E574286926BACCD1006CC990 /* TvShow.swift in Sources */ = {isa = PBXBuildFile; fileRef = E574286826BACCD1006CC990 /* TvShow.swift */; };
		E574286B26BACCEF006CC990 /* Film.swift in Sources */ = {isa = PBXBuildFile; fileRef = E574286A26BACCEF006CC990 /* Film.swift */; };
		E577698F26A6F6220076D7CF /* Constants.swift in Sources */ = {isa = PBXBuildFile; fileRef = E577698E26A6F6220076D7CF /* Constants.swift */; };
		E57C8BB626B1208500D41473 /* PageControl.swift in Sources */ = {isa = PBXBuildFile; fileRef = E57C8BB226B1208400D41473 /* PageControl.swift */; };
		E57C8BB726B1208500D41473 /* PageViewController.swift in Sources */ = {isa = PBXBuildFile; fileRef = E57C8BB326B1208400D41473 /* PageViewController.swift */; };
		E57C8BB826B1208500D41473 /* PageView.swift in Sources */ = {isa = PBXBuildFile; fileRef = E57C8BB426B1208400D41473 /* PageView.swift */; };
		E5840A6626A7FD4E00E3F782 /* CustomTabBar.swift in Sources */ = {isa = PBXBuildFile; fileRef = E5840A6526A7FD4E00E3F782 /* CustomTabBar.swift */; };
		E5840A6826A7FD6A00E3F782 /* TabBarButton.swift in Sources */ = {isa = PBXBuildFile; fileRef = E5840A6726A7FD6A00E3F782 /* TabBarButton.swift */; };
		E5840A6A26A7FD7B00E3F782 /* TabCurve.swift in Sources */ = {isa = PBXBuildFile; fileRef = E5840A6926A7FD7B00E3F782 /* TabCurve.swift */; };
		E5840A6C26A8031800E3F782 /* Tab.swift in Sources */ = {isa = PBXBuildFile; fileRef = E5840A6B26A8031700E3F782 /* Tab.swift */; };
		E5943ABC26B92BFE00CF9836 /* BlurCircle.swift in Sources */ = {isa = PBXBuildFile; fileRef = E5943ABB26B92BFE00CF9836 /* BlurCircle.swift */; };
		E5943ABE26B9345000CF9836 /* Direction.swift in Sources */ = {isa = PBXBuildFile; fileRef = E5943ABD26B9345000CF9836 /* Direction.swift */; };
		E5943AC026B9349500CF9836 /* GlassmorphismBackground.swift in Sources */ = {isa = PBXBuildFile; fileRef = E5943ABF26B9349500CF9836 /* GlassmorphismBackground.swift */; };
		E5A0CBB9269845D20088F968 /* Films.swift in Sources */ = {isa = PBXBuildFile; fileRef = E5A0CBB8269845D20088F968 /* Films.swift */; };
		E5A0CBBC26984F950088F968 /* CategoryHome.swift in Sources */ = {isa = PBXBuildFile; fileRef = E5A0CBBB26984F940088F968 /* CategoryHome.swift */; };
		E5A0CBBE269850420088F968 /* CategoryItem.swift in Sources */ = {isa = PBXBuildFile; fileRef = E5A0CBBD269850420088F968 /* CategoryItem.swift */; };
		E5A0DF8526BD061E00C0FA11 /* Season.swift in Sources */ = {isa = PBXBuildFile; fileRef = E5A0DF8426BD061E00C0FA11 /* Season.swift */; };
		E5A0DF8726BD067C00C0FA11 /* FilmSeasons.swift in Sources */ = {isa = PBXBuildFile; fileRef = E5A0DF8626BD067C00C0FA11 /* FilmSeasons.swift */; };
		E5A7A52C26B6A5AD0062B756 /* Images.swift in Sources */ = {isa = PBXBuildFile; fileRef = E5A7A52B26B6A5AD0062B756 /* Images.swift */; };
		E5A7A52E26B6A5C50062B756 /* Photo.swift in Sources */ = {isa = PBXBuildFile; fileRef = E5A7A52D26B6A5C50062B756 /* Photo.swift */; };
		E5AB1B0A27993B3D0002CC33 /* Episode.swift in Sources */ = {isa = PBXBuildFile; fileRef = E5AB1B0927993B3D0002CC33 /* Episode.swift */; };
		E5AB1B0B27993C940002CC33 /* Episode.swift in Sources */ = {isa = PBXBuildFile; fileRef = E5AB1B0927993B3D0002CC33 /* Episode.swift */; };
		E5B3AF3126A0384B004B2DCC /* CustomColor.swift in Sources */ = {isa = PBXBuildFile; fileRef = E5B3AF3026A0384B004B2DCC /* CustomColor.swift */; };
		E5B5785926B506D4005D86BD /* String+Extension.swift in Sources */ = {isa = PBXBuildFile; fileRef = E5B5785826B506D4005D86BD /* String+Extension.swift */; };
		E5B7FFED26C013B800E5BC6D /* Blur.swift in Sources */ = {isa = PBXBuildFile; fileRef = E5B7FFEC26C013B800E5BC6D /* Blur.swift */; };
		E5C9574126B3EA0F007B1B1D /* Date+Extension.swift in Sources */ = {isa = PBXBuildFile; fileRef = E5C9574026B3EA0F007B1B1D /* Date+Extension.swift */; };
		E5C9574426B3ED91007B1B1D /* Int+Extension.swift in Sources */ = {isa = PBXBuildFile; fileRef = E5C9574326B3ED90007B1B1D /* Int+Extension.swift */; };
		E5C9574626B3F097007B1B1D /* ChartView.swift in Sources */ = {isa = PBXBuildFile; fileRef = E5C9574526B3F097007B1B1D /* ChartView.swift */; };
		E5C9574826B3F0B4007B1B1D /* BarView.swift in Sources */ = {isa = PBXBuildFile; fileRef = E5C9574726B3F0B4007B1B1D /* BarView.swift */; };
		E5CFD86726B3FBD400F2C6C8 /* Double+Extension.swift in Sources */ = {isa = PBXBuildFile; fileRef = E5CFD86626B3FBD400F2C6C8 /* Double+Extension.swift */; };
		E5D592F426C4E5B800D318A8 /* ListView.swift in Sources */ = {isa = PBXBuildFile; fileRef = E5D592F326C4E5B800D318A8 /* ListView.swift */; };
		E5EEA1F326A68C6F004BFA25 /* Videos.swift in Sources */ = {isa = PBXBuildFile; fileRef = E5EEA1F226A68C6E004BFA25 /* Videos.swift */; };
		E5EEA1F526A68C91004BFA25 /* Video.swift in Sources */ = {isa = PBXBuildFile; fileRef = E5EEA1F426A68C91004BFA25 /* Video.swift */; };
		E5F3D6FE2797EAFB00E7E334 /* BackdropView.swift in Sources */ = {isa = PBXBuildFile; fileRef = E5F3D6FD2797EAFB00E7E334 /* BackdropView.swift */; };
		E5FB89BE26AAAB3400A496CB /* Casts.swift in Sources */ = {isa = PBXBuildFile; fileRef = E5FB89BD26AAAB3300A496CB /* Casts.swift */; };
		E5FB89C126AAB1A100A496CB /* Cast.swift in Sources */ = {isa = PBXBuildFile; fileRef = E5FB89C026AAB1A100A496CB /* Cast.swift */; };
		E5FB89C326AAB1B500A496CB /* Crew.swift in Sources */ = {isa = PBXBuildFile; fileRef = E5FB89C226AAB1B500A496CB /* Crew.swift */; };
		E5FD63372701BA6000220CA7 /* FilmiesConfiguration.intentdefinition in Sources */ = {isa = PBXBuildFile; fileRef = E5FD63362701BA6000220CA7 /* FilmiesConfiguration.intentdefinition */; };
		E5FD63382701BA6000220CA7 /* FilmiesConfiguration.intentdefinition in Sources */ = {isa = PBXBuildFile; fileRef = E5FD63362701BA6000220CA7 /* FilmiesConfiguration.intentdefinition */; };
		E5FFD17C26A6C09D00FDD685 /* CustomImage.swift in Sources */ = {isa = PBXBuildFile; fileRef = E5FFD17B26A6C09C00FDD685 /* CustomImage.swift */; };
/* End PBXBuildFile section */

/* Begin PBXContainerItemProxy section */
		E5269D0526FC6AF90061E48E /* PBXContainerItemProxy */ = {
			isa = PBXContainerItemProxy;
			containerPortal = E515A14B2697FC85008D4FE4 /* Project object */;
			proxyType = 1;
			remoteGlobalIDString = E5269CF626FC6AEA0061E48E;
			remoteInfo = FilmiesWidgetExtension;
		};
/* End PBXContainerItemProxy section */

/* Begin PBXCopyFilesBuildPhase section */
		E5269D0826FC6AF90061E48E /* Embed App Extensions */ = {
			isa = PBXCopyFilesBuildPhase;
			buildActionMask = 2147483647;
			dstPath = "";
			dstSubfolderSpec = 13;
			files = (
				E5269D0726FC6AF90061E48E /* FilmiesWidgetExtension.appex in Embed App Extensions */,
			);
			name = "Embed App Extensions";
			runOnlyForDeploymentPostprocessing = 0;
		};
/* End PBXCopyFilesBuildPhase section */

/* Begin PBXFileReference section */
		0E1DF6C58740873839F5188D /* Pods_Filmies.framework */ = {isa = PBXFileReference; explicitFileType = wrapper.framework; includeInIndex = 0; path = Pods_Filmies.framework; sourceTree = BUILT_PRODUCTS_DIR; };
		E50254F526983E6B000C6F03 /* ModelData.swift */ = {isa = PBXFileReference; lastKnownFileType = sourcecode.swift; path = ModelData.swift; sourceTree = "<group>"; };
		E50254F726983E80000C6F03 /* Movie.swift */ = {isa = PBXFileReference; lastKnownFileType = sourcecode.swift; path = Movie.swift; sourceTree = "<group>"; };
		E503173C26CCB914009155E7 /* ListItem.swift */ = {isa = PBXFileReference; lastKnownFileType = sourcecode.swift; path = ListItem.swift; sourceTree = "<group>"; };
		E50DBD7D26A2BA43005948E7 /* WebPlayerView.swift */ = {isa = PBXFileReference; lastKnownFileType = sourcecode.swift; path = WebPlayerView.swift; sourceTree = "<group>"; };
		E515A1532697FC85008D4FE4 /* Filmies.app */ = {isa = PBXFileReference; explicitFileType = wrapper.application; includeInIndex = 0; path = Filmies.app; sourceTree = BUILT_PRODUCTS_DIR; };
		E515A1562697FC85008D4FE4 /* FilmiesApp.swift */ = {isa = PBXFileReference; lastKnownFileType = sourcecode.swift; path = FilmiesApp.swift; sourceTree = "<group>"; };
		E515A1582697FC85008D4FE4 /* ContentView.swift */ = {isa = PBXFileReference; lastKnownFileType = sourcecode.swift; path = ContentView.swift; sourceTree = "<group>"; };
		E515A15A2697FC95008D4FE4 /* Assets.xcassets */ = {isa = PBXFileReference; lastKnownFileType = folder.assetcatalog; path = Assets.xcassets; sourceTree = "<group>"; };
		E515A15D2697FC95008D4FE4 /* Preview Assets.xcassets */ = {isa = PBXFileReference; lastKnownFileType = folder.assetcatalog; path = "Preview Assets.xcassets"; sourceTree = "<group>"; };
		E515A15F2697FC95008D4FE4 /* Info.plist */ = {isa = PBXFileReference; lastKnownFileType = text.plist.xml; path = Info.plist; sourceTree = "<group>"; };
		E52294AF26E0D02700DD3E09 /* Creator.swift */ = {isa = PBXFileReference; lastKnownFileType = sourcecode.swift; path = Creator.swift; sourceTree = "<group>"; };
		E5269CF726FC6AEA0061E48E /* FilmiesWidgetExtension.appex */ = {isa = PBXFileReference; explicitFileType = "wrapper.app-extension"; includeInIndex = 0; path = FilmiesWidgetExtension.appex; sourceTree = BUILT_PRODUCTS_DIR; };
		E5269CF826FC6AEA0061E48E /* WidgetKit.framework */ = {isa = PBXFileReference; lastKnownFileType = wrapper.framework; name = WidgetKit.framework; path = System/Library/Frameworks/WidgetKit.framework; sourceTree = SDKROOT; };
		E5269CFA26FC6AEA0061E48E /* SwiftUI.framework */ = {isa = PBXFileReference; lastKnownFileType = wrapper.framework; name = SwiftUI.framework; path = System/Library/Frameworks/SwiftUI.framework; sourceTree = SDKROOT; };
		E5269CFD26FC6AEB0061E48E /* FilmiesWidget.swift */ = {isa = PBXFileReference; lastKnownFileType = sourcecode.swift; path = FilmiesWidget.swift; sourceTree = "<group>"; };
		E5269CFF26FC6AEB0061E48E /* FilmiesWidget.intentdefinition */ = {isa = PBXFileReference; lastKnownFileType = file.intentdefinition; path = FilmiesWidget.intentdefinition; sourceTree = "<group>"; };
		E5269D0026FC6AF80061E48E /* Assets.xcassets */ = {isa = PBXFileReference; lastKnownFileType = folder.assetcatalog; path = Assets.xcassets; sourceTree = "<group>"; };
		E5269D0226FC6AF80061E48E /* Info.plist */ = {isa = PBXFileReference; lastKnownFileType = text.plist.xml; path = Info.plist; sourceTree = "<group>"; };
		E52B8DD826C53AEF0032BC4A /* CustomScrollView.swift */ = {isa = PBXFileReference; lastKnownFileType = sourcecode.swift; path = CustomScrollView.swift; sourceTree = "<group>"; };
		E52B8DDA26C53DD00032BC4A /* View+Extension.swift */ = {isa = PBXFileReference; lastKnownFileType = sourcecode.swift; path = "View+Extension.swift"; sourceTree = "<group>"; };
		E52C334626B13E5E0080031F /* FilmTrailer.swift */ = {isa = PBXFileReference; lastKnownFileType = sourcecode.swift; path = FilmTrailer.swift; sourceTree = "<group>"; };
		E52C334826B146320080031F /* TitleComponent.swift */ = {isa = PBXFileReference; lastKnownFileType = sourcecode.swift; path = TitleComponent.swift; sourceTree = "<group>"; };
		E53AD03326FEE2D20034DE21 /* WidgetView.swift */ = {isa = PBXFileReference; lastKnownFileType = sourcecode.swift; path = WidgetView.swift; sourceTree = "<group>"; };
		E545C07B279AB56200E17660 /* TransparentGroupBox.swift */ = {isa = PBXFileReference; lastKnownFileType = sourcecode.swift; path = TransparentGroupBox.swift; sourceTree = "<group>"; };
		E54B4D4426BFC3E100BE5461 /* ChartTab.swift */ = {isa = PBXFileReference; lastKnownFileType = sourcecode.swift; path = ChartTab.swift; sourceTree = "<group>"; };
		E54B4D4626BFC40F00BE5461 /* UnderlineText.swift */ = {isa = PBXFileReference; lastKnownFileType = sourcecode.swift; path = UnderlineText.swift; sourceTree = "<group>"; };
		E54B4D4D26BFCF2B00BE5461 /* Calendar+Extension.swift */ = {isa = PBXFileReference; lastKnownFileType = sourcecode.swift; path = "Calendar+Extension.swift"; sourceTree = "<group>"; };
		E54B4D4F26BFCF4A00BE5461 /* URLSession+Extension.swift */ = {isa = PBXFileReference; lastKnownFileType = sourcecode.swift; path = "URLSession+Extension.swift"; sourceTree = "<group>"; };
		E54CC439269D8DBD0083C6FE /* CardView.swift */ = {isa = PBXFileReference; lastKnownFileType = sourcecode.swift; path = CardView.swift; sourceTree = "<group>"; };
		E54CC43C269D8E8B0083C6FE /* CardElementView.swift */ = {isa = PBXFileReference; lastKnownFileType = sourcecode.swift; path = CardElementView.swift; sourceTree = "<group>"; };
		E54CC43E269D8EC50083C6FE /* FilmView.swift */ = {isa = PBXFileReference; lastKnownFileType = sourcecode.swift; path = FilmView.swift; sourceTree = "<group>"; };
		E551B051269C6C0D005D9613 /* Launch Screen.storyboard */ = {isa = PBXFileReference; lastKnownFileType = file.storyboard; path = "Launch Screen.storyboard"; sourceTree = "<group>"; };
		E558D2C726DF3643007A1801 /* PeopleView.swift */ = {isa = PBXFileReference; lastKnownFileType = sourcecode.swift; path = PeopleView.swift; sourceTree = "<group>"; };
		E558D2C926DF4569007A1801 /* People.swift */ = {isa = PBXFileReference; lastKnownFileType = sourcecode.swift; path = People.swift; sourceTree = "<group>"; };
		E558D2CE26DF890C007A1801 /* Credits.swift */ = {isa = PBXFileReference; lastKnownFileType = sourcecode.swift; path = Credits.swift; sourceTree = "<group>"; };
		E55C503826BBE5010059EBD3 /* FilmType.swift */ = {isa = PBXFileReference; lastKnownFileType = sourcecode.swift; path = FilmType.swift; sourceTree = "<group>"; };
		E55C503C26BBE7550059EBD3 /* CustomPicker.swift */ = {isa = PBXFileReference; lastKnownFileType = sourcecode.swift; path = CustomPicker.swift; sourceTree = "<group>"; };
		E55C503E26BBF0460059EBD3 /* FilmDescriptions.swift */ = {isa = PBXFileReference; lastKnownFileType = sourcecode.swift; path = FilmDescriptions.swift; sourceTree = "<group>"; };
		E55C504026BBF0820059EBD3 /* FilmCasts.swift */ = {isa = PBXFileReference; lastKnownFileType = sourcecode.swift; path = FilmCasts.swift; sourceTree = "<group>"; };
		E55FF2922700446F00D2BE68 /* sampleData.json */ = {isa = PBXFileReference; fileEncoding = 4; lastKnownFileType = text.json; path = sampleData.json; sourceTree = "<group>"; };
		E560797226B7E3E600D6C7B5 /* Production.swift */ = {isa = PBXFileReference; lastKnownFileType = sourcecode.swift; path = Production.swift; sourceTree = "<group>"; };
		E562147727030EBB0067FA36 /* IconButton.swift */ = {isa = PBXFileReference; lastKnownFileType = sourcecode.swift; path = IconButton.swift; sourceTree = "<group>"; };
		E562528B26CBF7E9001375AA /* CardList.swift */ = {isa = PBXFileReference; lastKnownFileType = sourcecode.swift; path = CardList.swift; sourceTree = "<group>"; };
		E563EB8426B25C8F00324CA6 /* AccountView.swift */ = {isa = PBXFileReference; lastKnownFileType = sourcecode.swift; path = AccountView.swift; sourceTree = "<group>"; };
		E564B11826ABFAE4002637A9 /* FilmDetails.swift */ = {isa = PBXFileReference; lastKnownFileType = sourcecode.swift; path = FilmDetails.swift; sourceTree = "<group>"; };
		E564B11C26ABFCDB002637A9 /* CustomDivider.swift */ = {isa = PBXFileReference; lastKnownFileType = sourcecode.swift; path = CustomDivider.swift; sourceTree = "<group>"; };
		E564B11E26AC01EF002637A9 /* Genre.swift */ = {isa = PBXFileReference; lastKnownFileType = sourcecode.swift; path = Genre.swift; sourceTree = "<group>"; };
		E564B12026AC0203002637A9 /* Language.swift */ = {isa = PBXFileReference; lastKnownFileType = sourcecode.swift; path = Language.swift; sourceTree = "<group>"; };
		E5663AC926B9457A00506BCA /* Collection+Extension.swift */ = {isa = PBXFileReference; lastKnownFileType = sourcecode.swift; path = "Collection+Extension.swift"; sourceTree = "<group>"; };
		E568627826A970A300A83FCB /* SearchView.swift */ = {isa = PBXFileReference; lastKnownFileType = sourcecode.swift; path = SearchView.swift; sourceTree = "<group>"; };
		E56870C126B7F61E002BA55F /* FilmComponent.swift */ = {isa = PBXFileReference; fileEncoding = 4; lastKnownFileType = sourcecode.swift; path = FilmComponent.swift; sourceTree = "<group>"; };
		E56870C226B7F61E002BA55F /* VerticalComponent.swift */ = {isa = PBXFileReference; fileEncoding = 4; lastKnownFileType = sourcecode.swift; path = VerticalComponent.swift; sourceTree = "<group>"; };
		E56870C326B7F61E002BA55F /* HorizontalComponent.swift */ = {isa = PBXFileReference; fileEncoding = 4; lastKnownFileType = sourcecode.swift; path = HorizontalComponent.swift; sourceTree = "<group>"; };
		E56A3BF12699622800494650 /* CategoryRow.swift */ = {isa = PBXFileReference; lastKnownFileType = sourcecode.swift; path = CategoryRow.swift; sourceTree = "<group>"; };
		E572602F26A00D2F00864493 /* ScrollTabView.swift */ = {isa = PBXFileReference; lastKnownFileType = sourcecode.swift; path = ScrollTabView.swift; sourceTree = "<group>"; };
		E572603126A00D5B00864493 /* RoundedText.swift */ = {isa = PBXFileReference; lastKnownFileType = sourcecode.swift; path = RoundedText.swift; sourceTree = "<group>"; };
		E574286826BACCD1006CC990 /* TvShow.swift */ = {isa = PBXFileReference; lastKnownFileType = sourcecode.swift; path = TvShow.swift; sourceTree = "<group>"; };
		E574286A26BACCEF006CC990 /* Film.swift */ = {isa = PBXFileReference; lastKnownFileType = sourcecode.swift; path = Film.swift; sourceTree = "<group>"; };
		E577698E26A6F6220076D7CF /* Constants.swift */ = {isa = PBXFileReference; lastKnownFileType = sourcecode.swift; path = Constants.swift; sourceTree = "<group>"; };
		E57C8BB226B1208400D41473 /* PageControl.swift */ = {isa = PBXFileReference; fileEncoding = 4; lastKnownFileType = sourcecode.swift; path = PageControl.swift; sourceTree = "<group>"; };
		E57C8BB326B1208400D41473 /* PageViewController.swift */ = {isa = PBXFileReference; fileEncoding = 4; lastKnownFileType = sourcecode.swift; path = PageViewController.swift; sourceTree = "<group>"; };
		E57C8BB426B1208400D41473 /* PageView.swift */ = {isa = PBXFileReference; fileEncoding = 4; lastKnownFileType = sourcecode.swift; path = PageView.swift; sourceTree = "<group>"; };
		E5840A6526A7FD4E00E3F782 /* CustomTabBar.swift */ = {isa = PBXFileReference; lastKnownFileType = sourcecode.swift; path = CustomTabBar.swift; sourceTree = "<group>"; };
		E5840A6726A7FD6A00E3F782 /* TabBarButton.swift */ = {isa = PBXFileReference; lastKnownFileType = sourcecode.swift; path = TabBarButton.swift; sourceTree = "<group>"; };
		E5840A6926A7FD7B00E3F782 /* TabCurve.swift */ = {isa = PBXFileReference; lastKnownFileType = sourcecode.swift; path = TabCurve.swift; sourceTree = "<group>"; };
		E5840A6B26A8031700E3F782 /* Tab.swift */ = {isa = PBXFileReference; lastKnownFileType = sourcecode.swift; path = Tab.swift; sourceTree = "<group>"; };
		E5943ABB26B92BFE00CF9836 /* BlurCircle.swift */ = {isa = PBXFileReference; lastKnownFileType = sourcecode.swift; path = BlurCircle.swift; sourceTree = "<group>"; };
		E5943ABD26B9345000CF9836 /* Direction.swift */ = {isa = PBXFileReference; lastKnownFileType = sourcecode.swift; path = Direction.swift; sourceTree = "<group>"; };
		E5943ABF26B9349500CF9836 /* GlassmorphismBackground.swift */ = {isa = PBXFileReference; lastKnownFileType = sourcecode.swift; path = GlassmorphismBackground.swift; sourceTree = "<group>"; };
		E5A0CBB8269845D20088F968 /* Films.swift */ = {isa = PBXFileReference; lastKnownFileType = sourcecode.swift; path = Films.swift; sourceTree = "<group>"; };
		E5A0CBBB26984F940088F968 /* CategoryHome.swift */ = {isa = PBXFileReference; lastKnownFileType = sourcecode.swift; path = CategoryHome.swift; sourceTree = "<group>"; };
		E5A0CBBD269850420088F968 /* CategoryItem.swift */ = {isa = PBXFileReference; lastKnownFileType = sourcecode.swift; path = CategoryItem.swift; sourceTree = "<group>"; };
		E5A0DF8426BD061E00C0FA11 /* Season.swift */ = {isa = PBXFileReference; lastKnownFileType = sourcecode.swift; path = Season.swift; sourceTree = "<group>"; };
		E5A0DF8626BD067C00C0FA11 /* FilmSeasons.swift */ = {isa = PBXFileReference; lastKnownFileType = sourcecode.swift; path = FilmSeasons.swift; sourceTree = "<group>"; };
		E5A7A52B26B6A5AD0062B756 /* Images.swift */ = {isa = PBXFileReference; lastKnownFileType = sourcecode.swift; path = Images.swift; sourceTree = "<group>"; };
		E5A7A52D26B6A5C50062B756 /* Photo.swift */ = {isa = PBXFileReference; lastKnownFileType = sourcecode.swift; path = Photo.swift; sourceTree = "<group>"; };
		E5AB1B0927993B3D0002CC33 /* Episode.swift */ = {isa = PBXFileReference; lastKnownFileType = sourcecode.swift; path = Episode.swift; sourceTree = "<group>"; };
		E5AC242C269AAD8300FBBDD3 /* Config.xcconfig */ = {isa = PBXFileReference; lastKnownFileType = text.xcconfig; path = Config.xcconfig; sourceTree = "<group>"; };
		E5B3AF3026A0384B004B2DCC /* CustomColor.swift */ = {isa = PBXFileReference; lastKnownFileType = sourcecode.swift; path = CustomColor.swift; sourceTree = "<group>"; };
		E5B5785826B506D4005D86BD /* String+Extension.swift */ = {isa = PBXFileReference; lastKnownFileType = sourcecode.swift; path = "String+Extension.swift"; sourceTree = "<group>"; };
		E5B7FFEC26C013B800E5BC6D /* Blur.swift */ = {isa = PBXFileReference; lastKnownFileType = sourcecode.swift; path = Blur.swift; sourceTree = "<group>"; };
		E5C6F1582699A37C00631576 /* Epilogue-Regular.ttf */ = {isa = PBXFileReference; lastKnownFileType = file; path = "Epilogue-Regular.ttf"; sourceTree = "<group>"; };
		E5C9574026B3EA0F007B1B1D /* Date+Extension.swift */ = {isa = PBXFileReference; lastKnownFileType = sourcecode.swift; path = "Date+Extension.swift"; sourceTree = "<group>"; };
		E5C9574326B3ED90007B1B1D /* Int+Extension.swift */ = {isa = PBXFileReference; lastKnownFileType = sourcecode.swift; path = "Int+Extension.swift"; sourceTree = "<group>"; };
		E5C9574526B3F097007B1B1D /* ChartView.swift */ = {isa = PBXFileReference; lastKnownFileType = sourcecode.swift; path = ChartView.swift; sourceTree = "<group>"; };
		E5C9574726B3F0B4007B1B1D /* BarView.swift */ = {isa = PBXFileReference; lastKnownFileType = sourcecode.swift; path = BarView.swift; sourceTree = "<group>"; };
		E5CFD86626B3FBD400F2C6C8 /* Double+Extension.swift */ = {isa = PBXFileReference; lastKnownFileType = sourcecode.swift; path = "Double+Extension.swift"; sourceTree = "<group>"; };
		E5D592F326C4E5B800D318A8 /* ListView.swift */ = {isa = PBXFileReference; lastKnownFileType = sourcecode.swift; path = ListView.swift; sourceTree = "<group>"; };
		E5EEA1F226A68C6E004BFA25 /* Videos.swift */ = {isa = PBXFileReference; lastKnownFileType = sourcecode.swift; path = Videos.swift; sourceTree = "<group>"; };
		E5EEA1F426A68C91004BFA25 /* Video.swift */ = {isa = PBXFileReference; lastKnownFileType = sourcecode.swift; path = Video.swift; sourceTree = "<group>"; };
		E5F3D6FD2797EAFB00E7E334 /* BackdropView.swift */ = {isa = PBXFileReference; lastKnownFileType = sourcecode.swift; path = BackdropView.swift; sourceTree = "<group>"; };
		E5FB89BD26AAAB3300A496CB /* Casts.swift */ = {isa = PBXFileReference; lastKnownFileType = sourcecode.swift; path = Casts.swift; sourceTree = "<group>"; };
		E5FB89C026AAB1A100A496CB /* Cast.swift */ = {isa = PBXFileReference; lastKnownFileType = sourcecode.swift; path = Cast.swift; sourceTree = "<group>"; };
		E5FB89C226AAB1B500A496CB /* Crew.swift */ = {isa = PBXFileReference; lastKnownFileType = sourcecode.swift; path = Crew.swift; sourceTree = "<group>"; };
		E5FD63362701BA6000220CA7 /* FilmiesConfiguration.intentdefinition */ = {isa = PBXFileReference; lastKnownFileType = file.intentdefinition; path = FilmiesConfiguration.intentdefinition; sourceTree = "<group>"; };
		E5FFD17B26A6C09C00FDD685 /* CustomImage.swift */ = {isa = PBXFileReference; lastKnownFileType = sourcecode.swift; path = CustomImage.swift; sourceTree = "<group>"; };
		EAE79C3C2D7E56BD45275267 /* Pods-Filmies.release.xcconfig */ = {isa = PBXFileReference; includeInIndex = 1; lastKnownFileType = text.xcconfig; name = "Pods-Filmies.release.xcconfig"; path = "Target Support Files/Pods-Filmies/Pods-Filmies.release.xcconfig"; sourceTree = "<group>"; };
		ED199E9CE3D2131CC83C5A04 /* Pods-Filmies.debug.xcconfig */ = {isa = PBXFileReference; includeInIndex = 1; lastKnownFileType = text.xcconfig; name = "Pods-Filmies.debug.xcconfig"; path = "Target Support Files/Pods-Filmies/Pods-Filmies.debug.xcconfig"; sourceTree = "<group>"; };
/* End PBXFileReference section */

/* Begin PBXFrameworksBuildPhase section */
		E515A1502697FC85008D4FE4 /* Frameworks */ = {
			isa = PBXFrameworksBuildPhase;
			buildActionMask = 2147483647;
			files = (
				27147AFF2124A97E06A86996 /* Pods_Filmies.framework in Frameworks */,
			);
			runOnlyForDeploymentPostprocessing = 0;
		};
		E5269CF426FC6AEA0061E48E /* Frameworks */ = {
			isa = PBXFrameworksBuildPhase;
			buildActionMask = 2147483647;
			files = (
				E5269CFB26FC6AEB0061E48E /* SwiftUI.framework in Frameworks */,
				E5269CF926FC6AEA0061E48E /* WidgetKit.framework in Frameworks */,
			);
			runOnlyForDeploymentPostprocessing = 0;
		};
/* End PBXFrameworksBuildPhase section */

/* Begin PBXGroup section */
		5B32ED206E6D00D211A85DCE /* Pods */ = {
			isa = PBXGroup;
			children = (
				ED199E9CE3D2131CC83C5A04 /* Pods-Filmies.debug.xcconfig */,
				EAE79C3C2D7E56BD45275267 /* Pods-Filmies.release.xcconfig */,
			);
			path = Pods;
			sourceTree = "<group>";
		};
		695B4E8BED49C07B9CE95EB0 /* Frameworks */ = {
			isa = PBXGroup;
			children = (
				0E1DF6C58740873839F5188D /* Pods_Filmies.framework */,
				E5269CF826FC6AEA0061E48E /* WidgetKit.framework */,
				E5269CFA26FC6AEA0061E48E /* SwiftUI.framework */,
			);
			name = Frameworks;
			sourceTree = "<group>";
		};
		E500DE52275C763400EBE722 /* Data */ = {
			isa = PBXGroup;
			children = (
				E55FF2922700446F00D2BE68 /* sampleData.json */,
			);
			path = Data;
			sourceTree = "<group>";
		};
		E50254F326983D37000C6F03 /* Views */ = {
			isa = PBXGroup;
			children = (
				E551B051269C6C0D005D9613 /* Launch Screen.storyboard */,
				E515A1582697FC85008D4FE4 /* ContentView.swift */,
				E5A0CBBA26984B2E0088F968 /* Categories */,
				E54CC43B269D8DC40083C6FE /* Card */,
				E5D592F526C4E5C000D318A8 /* List */,
				E58A7F14269C0EB90066A4C7 /* Film */,
				E568627A26A970AC00A83FCB /* Search */,
				E563EB8626B25C9500324CA6 /* Account */,
				E558D2C626DF3617007A1801 /* People */,
				E5DA9EB1269C47800021D279 /* Components */,
			);
			path = Views;
			sourceTree = "<group>";
		};
		E50254F426983E5C000C6F03 /* Model */ = {
			isa = PBXGroup;
			children = (
				E5840A6E26A803E000E3F782 /* Enum */,
				E55C503A26BBE71A0059EBD3 /* Film */,
				E5FB89BC26AAAAE700A496CB /* Video */,
				E5FB89BF26AAB19200A496CB /* Cast */,
				E5A7A52F26B6A61B0062B756 /* Image */,
				E558D2CB26DF47A8007A1801 /* People */,
			);
			path = Model;
			sourceTree = "<group>";
		};
		E515A14A2697FC84008D4FE4 = {
			isa = PBXGroup;
			children = (
				E515A1552697FC85008D4FE4 /* Filmies */,
				E5269CFC26FC6AEB0061E48E /* FilmiesWidget */,
				E515A1542697FC85008D4FE4 /* Products */,
				5B32ED206E6D00D211A85DCE /* Pods */,
				695B4E8BED49C07B9CE95EB0 /* Frameworks */,
			);
			sourceTree = "<group>";
		};
		E515A1542697FC85008D4FE4 /* Products */ = {
			isa = PBXGroup;
			children = (
				E515A1532697FC85008D4FE4 /* Filmies.app */,
				E5269CF726FC6AEA0061E48E /* FilmiesWidgetExtension.appex */,
			);
			name = Products;
			sourceTree = "<group>";
		};
		E515A1552697FC85008D4FE4 /* Filmies */ = {
			isa = PBXGroup;
			children = (
				E515A1562697FC85008D4FE4 /* FilmiesApp.swift */,
				E50254F426983E5C000C6F03 /* Model */,
				E572602E26A00C6400864493 /* ViewModel */,
				E50254F326983D37000C6F03 /* Views */,
				E515A15A2697FC95008D4FE4 /* Assets.xcassets */,
				E515A15F2697FC95008D4FE4 /* Info.plist */,
				E5C6F1592699A38100631576 /* Resources */,
				E515A15C2697FC95008D4FE4 /* Preview Content */,
				E5AC242C269AAD8300FBBDD3 /* Config.xcconfig */,
			);
			path = Filmies;
			sourceTree = "<group>";
		};
		E515A15C2697FC95008D4FE4 /* Preview Content */ = {
			isa = PBXGroup;
			children = (
				E515A15D2697FC95008D4FE4 /* Preview Assets.xcassets */,
			);
			path = "Preview Content";
			sourceTree = "<group>";
		};
		E5269CFC26FC6AEB0061E48E /* FilmiesWidget */ = {
			isa = PBXGroup;
			children = (
				E5269CFF26FC6AEB0061E48E /* FilmiesWidget.intentdefinition */,
				E5FD63362701BA6000220CA7 /* FilmiesConfiguration.intentdefinition */,
				E53AD03526FEE5D40034DE21 /* Views */,
				E5269D0026FC6AF80061E48E /* Assets.xcassets */,
				E5269D0226FC6AF80061E48E /* Info.plist */,
			);
			path = FilmiesWidget;
			sourceTree = "<group>";
		};
		E53AD03526FEE5D40034DE21 /* Views */ = {
			isa = PBXGroup;
			children = (
				E5269CFD26FC6AEB0061E48E /* FilmiesWidget.swift */,
				E53AD03326FEE2D20034DE21 /* WidgetView.swift */,
			);
			path = Views;
			sourceTree = "<group>";
		};
		E54B4D4826BFC57A00BE5461 /* ChartTab */ = {
			isa = PBXGroup;
			children = (
				E54B4D4426BFC3E100BE5461 /* ChartTab.swift */,
			);
			path = ChartTab;
			sourceTree = "<group>";
		};
		E54B4D4926BFCEC900BE5461 /* Movie */ = {
			isa = PBXGroup;
			children = (
				E50254F726983E80000C6F03 /* Movie.swift */,
			);
			path = Movie;
			sourceTree = "<group>";
		};
		E54B4D4B26BFCED600BE5461 /* TvShow */ = {
			isa = PBXGroup;
			children = (
				E54B4D4C26BFCEE600BE5461 /* Details */,
				E574286826BACCD1006CC990 /* TvShow.swift */,
			);
			path = TvShow;
			sourceTree = "<group>";
		};
		E54B4D4C26BFCEE600BE5461 /* Details */ = {
			isa = PBXGroup;
			children = (
				E52294AF26E0D02700DD3E09 /* Creator.swift */,
				E5A0DF8426BD061E00C0FA11 /* Season.swift */,
				E5AB1B0927993B3D0002CC33 /* Episode.swift */,
			);
			path = Details;
			sourceTree = "<group>";
		};
		E54CC43B269D8DC40083C6FE /* Card */ = {
			isa = PBXGroup;
			children = (
				E54CC439269D8DBD0083C6FE /* CardView.swift */,
				E54CC43C269D8E8B0083C6FE /* CardElementView.swift */,
			);
			path = Card;
			sourceTree = "<group>";
		};
		E558D2C626DF3617007A1801 /* People */ = {
			isa = PBXGroup;
			children = (
				E558D2C726DF3643007A1801 /* PeopleView.swift */,
			);
			path = People;
			sourceTree = "<group>";
		};
		E558D2CB26DF47A8007A1801 /* People */ = {
			isa = PBXGroup;
			children = (
				E558D2C926DF4569007A1801 /* People.swift */,
				E558D2CE26DF890C007A1801 /* Credits.swift */,
			);
			path = People;
			sourceTree = "<group>";
		};
		E55C503A26BBE71A0059EBD3 /* Film */ = {
			isa = PBXGroup;
			children = (
				E55C503B26BBE7290059EBD3 /* Details */,
				E5A0CBB8269845D20088F968 /* Films.swift */,
				E574286A26BACCEF006CC990 /* Film.swift */,
				E54B4D4926BFCEC900BE5461 /* Movie */,
				E54B4D4B26BFCED600BE5461 /* TvShow */,
			);
			path = Film;
			sourceTree = "<group>";
		};
		E55C503B26BBE7290059EBD3 /* Details */ = {
			isa = PBXGroup;
			children = (
				E564B11E26AC01EF002637A9 /* Genre.swift */,
				E564B12026AC0203002637A9 /* Language.swift */,
				E560797226B7E3E600D6C7B5 /* Production.swift */,
			);
			path = Details;
			sourceTree = "<group>";
		};
		E563EB8626B25C9500324CA6 /* Account */ = {
			isa = PBXGroup;
			children = (
				E563EB8426B25C8F00324CA6 /* AccountView.swift */,
				E5C9574526B3F097007B1B1D /* ChartView.swift */,
				E5C9574726B3F0B4007B1B1D /* BarView.swift */,
			);
			path = Account;
			sourceTree = "<group>";
		};
		E568627A26A970AC00A83FCB /* Search */ = {
			isa = PBXGroup;
			children = (
				E568627826A970A300A83FCB /* SearchView.swift */,
				E562528B26CBF7E9001375AA /* CardList.swift */,
			);
			path = Search;
			sourceTree = "<group>";
		};
		E56870C026B7F61E002BA55F /* Components */ = {
			isa = PBXGroup;
			children = (
				E56870C126B7F61E002BA55F /* FilmComponent.swift */,
				E56870C226B7F61E002BA55F /* VerticalComponent.swift */,
				E56870C326B7F61E002BA55F /* HorizontalComponent.swift */,
			);
			path = Components;
			sourceTree = "<group>";
		};
		E572602E26A00C6400864493 /* ViewModel */ = {
			isa = PBXGroup;
			children = (
				E50254F526983E6B000C6F03 /* ModelData.swift */,
			);
			path = ViewModel;
			sourceTree = "<group>";
		};
		E57C8BB026B1208400D41473 /* PageView */ = {
			isa = PBXGroup;
			children = (
				E57C8BB226B1208400D41473 /* PageControl.swift */,
				E57C8BB326B1208400D41473 /* PageViewController.swift */,
				E57C8BB426B1208400D41473 /* PageView.swift */,
			);
			path = PageView;
			sourceTree = "<group>";
		};
		E5840A6426A7FD2800E3F782 /* TabBar */ = {
			isa = PBXGroup;
			children = (
				E5840A6526A7FD4E00E3F782 /* CustomTabBar.swift */,
				E5840A6726A7FD6A00E3F782 /* TabBarButton.swift */,
				E5840A6926A7FD7B00E3F782 /* TabCurve.swift */,
			);
			path = TabBar;
			sourceTree = "<group>";
		};
		E5840A6D26A8036F00E3F782 /* ScrollTab */ = {
			isa = PBXGroup;
			children = (
				E572602F26A00D2F00864493 /* ScrollTabView.swift */,
			);
			path = ScrollTab;
			sourceTree = "<group>";
		};
		E5840A6E26A803E000E3F782 /* Enum */ = {
			isa = PBXGroup;
			children = (
				E5B3AF3026A0384B004B2DCC /* CustomColor.swift */,
				E5943ABD26B9345000CF9836 /* Direction.swift */,
				E55C503826BBE5010059EBD3 /* FilmType.swift */,
				E5840A6B26A8031700E3F782 /* Tab.swift */,
			);
			path = Enum;
			sourceTree = "<group>";
		};
		E58A7F14269C0EB90066A4C7 /* Film */ = {
			isa = PBXGroup;
			children = (
				E56870C026B7F61E002BA55F /* Components */,
				E54CC43E269D8EC50083C6FE /* FilmView.swift */,
				E564B11826ABFAE4002637A9 /* FilmDetails.swift */,
				E55C503E26BBF0460059EBD3 /* FilmDescriptions.swift */,
				E55C504026BBF0820059EBD3 /* FilmCasts.swift */,
				E5A0DF8626BD067C00C0FA11 /* FilmSeasons.swift */,
				E52C334626B13E5E0080031F /* FilmTrailer.swift */,
			);
			path = Film;
			sourceTree = "<group>";
		};
		E5943AC126B934C200CF9836 /* GlassmorphismView */ = {
			isa = PBXGroup;
			children = (
				E5943ABF26B9349500CF9836 /* GlassmorphismBackground.swift */,
				E5943ABB26B92BFE00CF9836 /* BlurCircle.swift */,
			);
			path = GlassmorphismView;
			sourceTree = "<group>";
		};
		E5A0CBBA26984B2E0088F968 /* Categories */ = {
			isa = PBXGroup;
			children = (
				E5A0CBBB26984F940088F968 /* CategoryHome.swift */,
				E56A3BF12699622800494650 /* CategoryRow.swift */,
				E5A0CBBD269850420088F968 /* CategoryItem.swift */,
			);
			path = Categories;
			sourceTree = "<group>";
		};
		E5A7A52F26B6A61B0062B756 /* Image */ = {
			isa = PBXGroup;
			children = (
				E5A7A52B26B6A5AD0062B756 /* Images.swift */,
				E5A7A52D26B6A5C50062B756 /* Photo.swift */,
			);
			path = Image;
			sourceTree = "<group>";
		};
		E5AC242B269AAC6B00FBBDD3 /* Fonts */ = {
			isa = PBXGroup;
			children = (
				E5C6F1582699A37C00631576 /* Epilogue-Regular.ttf */,
			);
			path = Fonts;
			sourceTree = "<group>";
		};
		E5C6F1592699A38100631576 /* Resources */ = {
			isa = PBXGroup;
			children = (
				E5C9574226B3EA15007B1B1D /* Extension */,
				E5AC242B269AAC6B00FBBDD3 /* Fonts */,
				E500DE52275C763400EBE722 /* Data */,
				E577698E26A6F6220076D7CF /* Constants.swift */,
			);
			path = Resources;
			sourceTree = "<group>";
		};
		E5C9574226B3EA15007B1B1D /* Extension */ = {
			isa = PBXGroup;
			children = (
				E54B4D4D26BFCF2B00BE5461 /* Calendar+Extension.swift */,
				E5663AC926B9457A00506BCA /* Collection+Extension.swift */,
				E5C9574026B3EA0F007B1B1D /* Date+Extension.swift */,
				E5CFD86626B3FBD400F2C6C8 /* Double+Extension.swift */,
				E5C9574326B3ED90007B1B1D /* Int+Extension.swift */,
				E5B5785826B506D4005D86BD /* String+Extension.swift */,
				E54B4D4F26BFCF4A00BE5461 /* URLSession+Extension.swift */,
				E52B8DDA26C53DD00032BC4A /* View+Extension.swift */,
			);
			path = Extension;
			sourceTree = "<group>";
		};
		E5D592F526C4E5C000D318A8 /* List */ = {
			isa = PBXGroup;
			children = (
				E5D592F326C4E5B800D318A8 /* ListView.swift */,
				E503173C26CCB914009155E7 /* ListItem.swift */,
				E5F3D6FD2797EAFB00E7E334 /* BackdropView.swift */,
			);
			path = List;
			sourceTree = "<group>";
		};
		E5DA9EB1269C47800021D279 /* Components */ = {
			isa = PBXGroup;
			children = (
				E5B7FFEC26C013B800E5BC6D /* Blur.swift */,
				E564B11C26ABFCDB002637A9 /* CustomDivider.swift */,
				E5FFD17B26A6C09C00FDD685 /* CustomImage.swift */,
				E55C503C26BBE7550059EBD3 /* CustomPicker.swift */,
				E52B8DD826C53AEF0032BC4A /* CustomScrollView.swift */,
				E562147727030EBB0067FA36 /* IconButton.swift */,
				E52C334826B146320080031F /* TitleComponent.swift */,
				E545C07B279AB56200E17660 /* TransparentGroupBox.swift */,
				E50DBD7D26A2BA43005948E7 /* WebPlayerView.swift */,
				E5EC35DB27070EA300CF065E /* CustomText */,
				E54B4D4826BFC57A00BE5461 /* ChartTab */,
				E5943AC126B934C200CF9836 /* GlassmorphismView */,
				E57C8BB026B1208400D41473 /* PageView */,
				E5840A6D26A8036F00E3F782 /* ScrollTab */,
				E5840A6426A7FD2800E3F782 /* TabBar */,
			);
			path = Components;
			sourceTree = "<group>";
		};
		E5EC35DB27070EA300CF065E /* CustomText */ = {
			isa = PBXGroup;
			children = (
				E572603126A00D5B00864493 /* RoundedText.swift */,
				E54B4D4626BFC40F00BE5461 /* UnderlineText.swift */,
			);
			path = CustomText;
			sourceTree = "<group>";
		};
		E5FB89BC26AAAAE700A496CB /* Video */ = {
			isa = PBXGroup;
			children = (
				E5EEA1F226A68C6E004BFA25 /* Videos.swift */,
				E5EEA1F426A68C91004BFA25 /* Video.swift */,
			);
			path = Video;
			sourceTree = "<group>";
		};
		E5FB89BF26AAB19200A496CB /* Cast */ = {
			isa = PBXGroup;
			children = (
				E5FB89BD26AAAB3300A496CB /* Casts.swift */,
				E5FB89C026AAB1A100A496CB /* Cast.swift */,
				E5FB89C226AAB1B500A496CB /* Crew.swift */,
			);
			path = Cast;
			sourceTree = "<group>";
		};
/* End PBXGroup section */

/* Begin PBXNativeTarget section */
		E515A1522697FC85008D4FE4 /* Filmies */ = {
			isa = PBXNativeTarget;
			buildConfigurationList = E515A1622697FC95008D4FE4 /* Build configuration list for PBXNativeTarget "Filmies" */;
			buildPhases = (
				0975489633328B98BC84B1B0 /* [CP] Check Pods Manifest.lock */,
				E515A14F2697FC85008D4FE4 /* Sources */,
				E515A1502697FC85008D4FE4 /* Frameworks */,
				E515A1512697FC85008D4FE4 /* Resources */,
				2A5902329FA0E233AC387149 /* [CP] Embed Pods Frameworks */,
				E5269D0826FC6AF90061E48E /* Embed App Extensions */,
			);
			buildRules = (
			);
			dependencies = (
				E5269D0626FC6AF90061E48E /* PBXTargetDependency */,
			);
			name = Filmies;
			productName = Filmies;
			productReference = E515A1532697FC85008D4FE4 /* Filmies.app */;
			productType = "com.apple.product-type.application";
		};
		E5269CF626FC6AEA0061E48E /* FilmiesWidgetExtension */ = {
			isa = PBXNativeTarget;
			buildConfigurationList = E5269D0B26FC6AF90061E48E /* Build configuration list for PBXNativeTarget "FilmiesWidgetExtension" */;
			buildPhases = (
				E5269CF326FC6AEA0061E48E /* Sources */,
				E5269CF426FC6AEA0061E48E /* Frameworks */,
				E5269CF526FC6AEA0061E48E /* Resources */,
			);
			buildRules = (
			);
			dependencies = (
			);
			name = FilmiesWidgetExtension;
			productName = FilmiesWidgetExtension;
			productReference = E5269CF726FC6AEA0061E48E /* FilmiesWidgetExtension.appex */;
			productType = "com.apple.product-type.app-extension";
		};
/* End PBXNativeTarget section */

/* Begin PBXProject section */
		E515A14B2697FC85008D4FE4 /* Project object */ = {
			isa = PBXProject;
			attributes = {
				LastSwiftUpdateCheck = 1300;
				LastUpgradeCheck = 1250;
				TargetAttributes = {
					E515A1522697FC85008D4FE4 = {
						CreatedOnToolsVersion = 12.5.1;
					};
					E5269CF626FC6AEA0061E48E = {
						CreatedOnToolsVersion = 13.0;
					};
				};
			};
			buildConfigurationList = E515A14E2697FC85008D4FE4 /* Build configuration list for PBXProject "Filmies" */;
			compatibilityVersion = "Xcode 9.3";
			developmentRegion = en;
			hasScannedForEncodings = 0;
			knownRegions = (
				en,
				Base,
			);
			mainGroup = E515A14A2697FC84008D4FE4;
			productRefGroup = E515A1542697FC85008D4FE4 /* Products */;
			projectDirPath = "";
			projectRoot = "";
			targets = (
				E515A1522697FC85008D4FE4 /* Filmies */,
				E5269CF626FC6AEA0061E48E /* FilmiesWidgetExtension */,
			);
		};
/* End PBXProject section */

/* Begin PBXResourcesBuildPhase section */
		E515A1512697FC85008D4FE4 /* Resources */ = {
			isa = PBXResourcesBuildPhase;
			buildActionMask = 2147483647;
			files = (
				E551B052269C6C0D005D9613 /* Launch Screen.storyboard in Resources */,
				E515A15E2697FC95008D4FE4 /* Preview Assets.xcassets in Resources */,
				E515A15B2697FC95008D4FE4 /* Assets.xcassets in Resources */,
				E55FF2932700447000D2BE68 /* sampleData.json in Resources */,
			);
			runOnlyForDeploymentPostprocessing = 0;
		};
		E5269CF526FC6AEA0061E48E /* Resources */ = {
			isa = PBXResourcesBuildPhase;
			buildActionMask = 2147483647;
			files = (
				E5269D0D26FC6F0F0061E48E /* Assets.xcassets in Resources */,
				E5269D1026FC87A20061E48E /* Config.xcconfig in Resources */,
				E5269D0126FC6AF80061E48E /* Assets.xcassets in Resources */,
				E55FF2942700447000D2BE68 /* sampleData.json in Resources */,
			);
			runOnlyForDeploymentPostprocessing = 0;
		};
/* End PBXResourcesBuildPhase section */

/* Begin PBXShellScriptBuildPhase section */
		0975489633328B98BC84B1B0 /* [CP] Check Pods Manifest.lock */ = {
			isa = PBXShellScriptBuildPhase;
			buildActionMask = 2147483647;
			files = (
			);
			inputFileListPaths = (
			);
			inputPaths = (
				"${PODS_PODFILE_DIR_PATH}/Podfile.lock",
				"${PODS_ROOT}/Manifest.lock",
			);
			name = "[CP] Check Pods Manifest.lock";
			outputFileListPaths = (
			);
			outputPaths = (
				"$(DERIVED_FILE_DIR)/Pods-Filmies-checkManifestLockResult.txt",
			);
			runOnlyForDeploymentPostprocessing = 0;
			shellPath = /bin/sh;
			shellScript = "diff \"${PODS_PODFILE_DIR_PATH}/Podfile.lock\" \"${PODS_ROOT}/Manifest.lock\" > /dev/null\nif [ $? != 0 ] ; then\n    # print error to STDERR\n    echo \"error: The sandbox is not in sync with the Podfile.lock. Run 'pod install' or update your CocoaPods installation.\" >&2\n    exit 1\nfi\n# This output is used by Xcode 'outputs' to avoid re-running this script phase.\necho \"SUCCESS\" > \"${SCRIPT_OUTPUT_FILE_0}\"\n";
			showEnvVarsInLog = 0;
		};
		2A5902329FA0E233AC387149 /* [CP] Embed Pods Frameworks */ = {
			isa = PBXShellScriptBuildPhase;
			buildActionMask = 2147483647;
			files = (
			);
			inputFileListPaths = (
				"${PODS_ROOT}/Target Support Files/Pods-Filmies/Pods-Filmies-frameworks-${CONFIGURATION}-input-files.xcfilelist",
			);
			name = "[CP] Embed Pods Frameworks";
			outputFileListPaths = (
				"${PODS_ROOT}/Target Support Files/Pods-Filmies/Pods-Filmies-frameworks-${CONFIGURATION}-output-files.xcfilelist",
			);
			runOnlyForDeploymentPostprocessing = 0;
			shellPath = /bin/sh;
			shellScript = "\"${PODS_ROOT}/Target Support Files/Pods-Filmies/Pods-Filmies-frameworks.sh\"\n";
			showEnvVarsInLog = 0;
		};
/* End PBXShellScriptBuildPhase section */

/* Begin PBXSourcesBuildPhase section */
		E515A14F2697FC85008D4FE4 /* Sources */ = {
			isa = PBXSourcesBuildPhase;
			buildActionMask = 2147483647;
			files = (
				E55C503F26BBF0460059EBD3 /* FilmDescriptions.swift in Sources */,
				E560797326B7E3E600D6C7B5 /* Production.swift in Sources */,
				E5FB89BE26AAAB3400A496CB /* Casts.swift in Sources */,
				E5A0CBB9269845D20088F968 /* Films.swift in Sources */,
				E5A0CBBC26984F950088F968 /* CategoryHome.swift in Sources */,
				E57C8BB626B1208500D41473 /* PageControl.swift in Sources */,
				E55C504126BBF0820059EBD3 /* FilmCasts.swift in Sources */,
				E54B4D4726BFC40F00BE5461 /* UnderlineText.swift in Sources */,
				E574286B26BACCEF006CC990 /* Film.swift in Sources */,
				E57C8BB826B1208500D41473 /* PageView.swift in Sources */,
				E5840A6826A7FD6A00E3F782 /* TabBarButton.swift in Sources */,
				E54CC43D269D8E8C0083C6FE /* CardElementView.swift in Sources */,
				E5943ABC26B92BFE00CF9836 /* BlurCircle.swift in Sources */,
				E5C9574626B3F097007B1B1D /* ChartView.swift in Sources */,
				E52B8DD926C53AEF0032BC4A /* CustomScrollView.swift in Sources */,
				E5C9574426B3ED91007B1B1D /* Int+Extension.swift in Sources */,
				E558D2CF26DF890C007A1801 /* Credits.swift in Sources */,
				E55C503D26BBE7550059EBD3 /* CustomPicker.swift in Sources */,
				E5C9574826B3F0B4007B1B1D /* BarView.swift in Sources */,
				E5A0DF8526BD061E00C0FA11 /* Season.swift in Sources */,
				E56A3BF22699622800494650 /* CategoryRow.swift in Sources */,
				E54B4D4E26BFCF2B00BE5461 /* Calendar+Extension.swift in Sources */,
				E5A7A52C26B6A5AD0062B756 /* Images.swift in Sources */,
				E5840A6C26A8031800E3F782 /* Tab.swift in Sources */,
				E54B4D4526BFC3E200BE5461 /* ChartTab.swift in Sources */,
				E5C9574126B3EA0F007B1B1D /* Date+Extension.swift in Sources */,
				E574286926BACCD1006CC990 /* TvShow.swift in Sources */,
				E568627926A970A300A83FCB /* SearchView.swift in Sources */,
				E5FFD17C26A6C09D00FDD685 /* CustomImage.swift in Sources */,
				E56870C526B7F61E002BA55F /* VerticalComponent.swift in Sources */,
				E545C07C279AB56300E17660 /* TransparentGroupBox.swift in Sources */,
				E558D2C826DF3643007A1801 /* PeopleView.swift in Sources */,
				E563EB8526B25C8F00324CA6 /* AccountView.swift in Sources */,
				E56870C426B7F61E002BA55F /* FilmComponent.swift in Sources */,
				E5AB1B0A27993B3D0002CC33 /* Episode.swift in Sources */,
				E5FD63372701BA6000220CA7 /* FilmiesConfiguration.intentdefinition in Sources */,
				E5B7FFED26C013B800E5BC6D /* Blur.swift in Sources */,
				E54B4D5026BFCF4A00BE5461 /* URLSession+Extension.swift in Sources */,
				E515A1592697FC85008D4FE4 /* ContentView.swift in Sources */,
				E5B3AF3126A0384B004B2DCC /* CustomColor.swift in Sources */,
				E55C503926BBE5020059EBD3 /* FilmType.swift in Sources */,
				E5A0CBBE269850420088F968 /* CategoryItem.swift in Sources */,
				E515A1572697FC85008D4FE4 /* FilmiesApp.swift in Sources */,
				E577698F26A6F6220076D7CF /* Constants.swift in Sources */,
				E562528C26CBF7EA001375AA /* CardList.swift in Sources */,
				E5943ABE26B9345000CF9836 /* Direction.swift in Sources */,
				E56870C626B7F61E002BA55F /* HorizontalComponent.swift in Sources */,
				E52294B026E0D02900DD3E09 /* Creator.swift in Sources */,
				E5840A6A26A7FD7B00E3F782 /* TabCurve.swift in Sources */,
				E503173D26CCB914009155E7 /* ListItem.swift in Sources */,
				E564B11D26ABFCDB002637A9 /* CustomDivider.swift in Sources */,
				E54CC43F269D8EC50083C6FE /* FilmView.swift in Sources */,
				E50254F826983E80000C6F03 /* Movie.swift in Sources */,
				E5269D0426FC6AF90061E48E /* FilmiesWidget.intentdefinition in Sources */,
				E5A0DF8726BD067C00C0FA11 /* FilmSeasons.swift in Sources */,
				E564B11926ABFAE4002637A9 /* FilmDetails.swift in Sources */,
				E5840A6626A7FD4E00E3F782 /* CustomTabBar.swift in Sources */,
				E572603226A00D5B00864493 /* RoundedText.swift in Sources */,
				E5FB89C326AAB1B500A496CB /* Crew.swift in Sources */,
				E50254F626983E6B000C6F03 /* ModelData.swift in Sources */,
				E52B8DDB26C53DD00032BC4A /* View+Extension.swift in Sources */,
				E5FB89C126AAB1A100A496CB /* Cast.swift in Sources */,
				E50DBD7E26A2BA43005948E7 /* WebPlayerView.swift in Sources */,
				E5D592F426C4E5B800D318A8 /* ListView.swift in Sources */,
				E564B11F26AC01EF002637A9 /* Genre.swift in Sources */,
				E5EEA1F526A68C91004BFA25 /* Video.swift in Sources */,
				E558D2CA26DF456A007A1801 /* People.swift in Sources */,
				E562147827030EBC0067FA36 /* IconButton.swift in Sources */,
				E52C334926B146320080031F /* TitleComponent.swift in Sources */,
				E5CFD86726B3FBD400F2C6C8 /* Double+Extension.swift in Sources */,
				E5B5785926B506D4005D86BD /* String+Extension.swift in Sources */,
				E52C334726B13E5F0080031F /* FilmTrailer.swift in Sources */,
				E5A7A52E26B6A5C50062B756 /* Photo.swift in Sources */,
				E5663ACA26B9457A00506BCA /* Collection+Extension.swift in Sources */,
				E5943AC026B9349500CF9836 /* GlassmorphismBackground.swift in Sources */,
				E57C8BB726B1208500D41473 /* PageViewController.swift in Sources */,
				E564B12126AC0203002637A9 /* Language.swift in Sources */,
				E5EEA1F326A68C6F004BFA25 /* Videos.swift in Sources */,
				E5F3D6FE2797EAFB00E7E334 /* BackdropView.swift in Sources */,
				E54CC43A269D8DBE0083C6FE /* CardView.swift in Sources */,
				E572603026A00D3000864493 /* ScrollTabView.swift in Sources */,
			);
			runOnlyForDeploymentPostprocessing = 0;
		};
		E5269CF326FC6AEA0061E48E /* Sources */ = {
			isa = PBXSourcesBuildPhase;
			buildActionMask = 2147483647;
			files = (
				E53AD02126FEDA2B0034DE21 /* Cast.swift in Sources */,
				E53AD02D26FEE04F0034DE21 /* Collection+Extension.swift in Sources */,
				E5269D0F26FC79900061E48E /* URLSession+Extension.swift in Sources */,
				E53AD01826FED9F10034DE21 /* Films.swift in Sources */,
				E53AD02B26FEE0420034DE21 /* ModelData.swift in Sources */,
				E53AD01C26FEDA0E0034DE21 /* Movie.swift in Sources */,
				E53AD02426FEDA370034DE21 /* Photo.swift in Sources */,
				E53AD03226FEE0630034DE21 /* View+Extension.swift in Sources */,
				E5AB1B0B27993C940002CC33 /* Episode.swift in Sources */,
				E53AD03026FEE0580034DE21 /* Int+Extension.swift in Sources */,
				E5269D0326FC6AF90061E48E /* FilmiesWidget.intentdefinition in Sources */,
				E53AD02F26FEE0550034DE21 /* Double+Extension.swift in Sources */,
				E53AD02026FEDA270034DE21 /* Casts.swift in Sources */,
				E53AD01A26FEDA020034DE21 /* Videos.swift in Sources */,
				E5269CFE26FC6AEB0061E48E /* FilmiesWidget.swift in Sources */,
				E53AD03426FEE2D20034DE21 /* WidgetView.swift in Sources */,
				E53AD02C26FEE04C0034DE21 /* Calendar+Extension.swift in Sources */,
				E53AD02226FEDA2E0034DE21 /* Crew.swift in Sources */,
				E53AD01626FED9EA0034DE21 /* Language.swift in Sources */,
				E53AD03126FEE05B0034DE21 /* String+Extension.swift in Sources */,
				E53AD02826FEE02D0034DE21 /* Direction.swift in Sources */,
				E53AD01F26FEDA1A0034DE21 /* Season.swift in Sources */,
				E53AD02E26FEE0520034DE21 /* Date+Extension.swift in Sources */,
				E53AD02326FEDA340034DE21 /* Images.swift in Sources */,
				E53AD02526FEDA3B0034DE21 /* People.swift in Sources */,
				E53AD01726FED9ED0034DE21 /* Production.swift in Sources */,
				E53AD01D26FEDA130034DE21 /* TvShow.swift in Sources */,
				E53AD02626FEDA3E0034DE21 /* Credits.swift in Sources */,
				E53AD01B26FEDA040034DE21 /* Video.swift in Sources */,
				E5269D0E26FC6F9D0061E48E /* Constants.swift in Sources */,
				E53AD01926FED9F40034DE21 /* Film.swift in Sources */,
				E53AD02726FEE02A0034DE21 /* CustomColor.swift in Sources */,
				E5FD63382701BA6000220CA7 /* FilmiesConfiguration.intentdefinition in Sources */,
				E53AD02926FEE0300034DE21 /* FilmType.swift in Sources */,
				E53AD01E26FEDA170034DE21 /* Creator.swift in Sources */,
				E53AD01526FED9E70034DE21 /* Genre.swift in Sources */,
			);
			runOnlyForDeploymentPostprocessing = 0;
		};
/* End PBXSourcesBuildPhase section */

/* Begin PBXTargetDependency section */
		E5269D0626FC6AF90061E48E /* PBXTargetDependency */ = {
			isa = PBXTargetDependency;
			target = E5269CF626FC6AEA0061E48E /* FilmiesWidgetExtension */;
			targetProxy = E5269D0526FC6AF90061E48E /* PBXContainerItemProxy */;
		};
/* End PBXTargetDependency section */

/* Begin XCBuildConfiguration section */
		E515A1602697FC95008D4FE4 /* Debug */ = {
			isa = XCBuildConfiguration;
			baseConfigurationReference = E5AC242C269AAD8300FBBDD3 /* Config.xcconfig */;
			buildSettings = {
				ALWAYS_SEARCH_USER_PATHS = NO;
				CLANG_ANALYZER_NONNULL = YES;
				CLANG_ANALYZER_NUMBER_OBJECT_CONVERSION = YES_AGGRESSIVE;
				CLANG_CXX_LANGUAGE_STANDARD = "gnu++14";
				CLANG_CXX_LIBRARY = "libc++";
				CLANG_ENABLE_MODULES = YES;
				CLANG_ENABLE_OBJC_ARC = YES;
				CLANG_ENABLE_OBJC_WEAK = YES;
				CLANG_WARN_BLOCK_CAPTURE_AUTORELEASING = YES;
				CLANG_WARN_BOOL_CONVERSION = YES;
				CLANG_WARN_COMMA = YES;
				CLANG_WARN_CONSTANT_CONVERSION = YES;
				CLANG_WARN_DEPRECATED_OBJC_IMPLEMENTATIONS = YES;
				CLANG_WARN_DIRECT_OBJC_ISA_USAGE = YES_ERROR;
				CLANG_WARN_DOCUMENTATION_COMMENTS = YES;
				CLANG_WARN_EMPTY_BODY = YES;
				CLANG_WARN_ENUM_CONVERSION = YES;
				CLANG_WARN_INFINITE_RECURSION = YES;
				CLANG_WARN_INT_CONVERSION = YES;
				CLANG_WARN_NON_LITERAL_NULL_CONVERSION = YES;
				CLANG_WARN_OBJC_IMPLICIT_RETAIN_SELF = YES;
				CLANG_WARN_OBJC_LITERAL_CONVERSION = YES;
				CLANG_WARN_OBJC_ROOT_CLASS = YES_ERROR;
				CLANG_WARN_QUOTED_INCLUDE_IN_FRAMEWORK_HEADER = YES;
				CLANG_WARN_RANGE_LOOP_ANALYSIS = YES;
				CLANG_WARN_STRICT_PROTOTYPES = YES;
				CLANG_WARN_SUSPICIOUS_MOVE = YES;
				CLANG_WARN_UNGUARDED_AVAILABILITY = YES_AGGRESSIVE;
				CLANG_WARN_UNREACHABLE_CODE = YES;
				CLANG_WARN__DUPLICATE_METHOD_MATCH = YES;
				COPY_PHASE_STRIP = NO;
				DEBUG_INFORMATION_FORMAT = dwarf;
				ENABLE_STRICT_OBJC_MSGSEND = YES;
				ENABLE_TESTABILITY = YES;
				GCC_C_LANGUAGE_STANDARD = gnu11;
				GCC_DYNAMIC_NO_PIC = NO;
				GCC_NO_COMMON_BLOCKS = YES;
				GCC_OPTIMIZATION_LEVEL = 0;
				GCC_PREPROCESSOR_DEFINITIONS = (
					"DEBUG=1",
					"$(inherited)",
				);
				GCC_WARN_64_TO_32_BIT_CONVERSION = YES;
				GCC_WARN_ABOUT_RETURN_TYPE = YES_ERROR;
				GCC_WARN_UNDECLARED_SELECTOR = YES;
				GCC_WARN_UNINITIALIZED_AUTOS = YES_AGGRESSIVE;
				GCC_WARN_UNUSED_FUNCTION = YES;
				GCC_WARN_UNUSED_VARIABLE = YES;
				IPHONEOS_DEPLOYMENT_TARGET = 15.0;
				MTL_ENABLE_DEBUG_INFO = INCLUDE_SOURCE;
				MTL_FAST_MATH = YES;
				ONLY_ACTIVE_ARCH = YES;
				SDKROOT = iphoneos;
				SWIFT_ACTIVE_COMPILATION_CONDITIONS = DEBUG;
				SWIFT_OPTIMIZATION_LEVEL = "-Onone";
			};
			name = Debug;
		};
		E515A1612697FC95008D4FE4 /* Release */ = {
			isa = XCBuildConfiguration;
			baseConfigurationReference = E5AC242C269AAD8300FBBDD3 /* Config.xcconfig */;
			buildSettings = {
				ALWAYS_SEARCH_USER_PATHS = NO;
				CLANG_ANALYZER_NONNULL = YES;
				CLANG_ANALYZER_NUMBER_OBJECT_CONVERSION = YES_AGGRESSIVE;
				CLANG_CXX_LANGUAGE_STANDARD = "gnu++14";
				CLANG_CXX_LIBRARY = "libc++";
				CLANG_ENABLE_MODULES = YES;
				CLANG_ENABLE_OBJC_ARC = YES;
				CLANG_ENABLE_OBJC_WEAK = YES;
				CLANG_WARN_BLOCK_CAPTURE_AUTORELEASING = YES;
				CLANG_WARN_BOOL_CONVERSION = YES;
				CLANG_WARN_COMMA = YES;
				CLANG_WARN_CONSTANT_CONVERSION = YES;
				CLANG_WARN_DEPRECATED_OBJC_IMPLEMENTATIONS = YES;
				CLANG_WARN_DIRECT_OBJC_ISA_USAGE = YES_ERROR;
				CLANG_WARN_DOCUMENTATION_COMMENTS = YES;
				CLANG_WARN_EMPTY_BODY = YES;
				CLANG_WARN_ENUM_CONVERSION = YES;
				CLANG_WARN_INFINITE_RECURSION = YES;
				CLANG_WARN_INT_CONVERSION = YES;
				CLANG_WARN_NON_LITERAL_NULL_CONVERSION = YES;
				CLANG_WARN_OBJC_IMPLICIT_RETAIN_SELF = YES;
				CLANG_WARN_OBJC_LITERAL_CONVERSION = YES;
				CLANG_WARN_OBJC_ROOT_CLASS = YES_ERROR;
				CLANG_WARN_QUOTED_INCLUDE_IN_FRAMEWORK_HEADER = YES;
				CLANG_WARN_RANGE_LOOP_ANALYSIS = YES;
				CLANG_WARN_STRICT_PROTOTYPES = YES;
				CLANG_WARN_SUSPICIOUS_MOVE = YES;
				CLANG_WARN_UNGUARDED_AVAILABILITY = YES_AGGRESSIVE;
				CLANG_WARN_UNREACHABLE_CODE = YES;
				CLANG_WARN__DUPLICATE_METHOD_MATCH = YES;
				COPY_PHASE_STRIP = NO;
				DEBUG_INFORMATION_FORMAT = "dwarf-with-dsym";
				ENABLE_NS_ASSERTIONS = NO;
				ENABLE_STRICT_OBJC_MSGSEND = YES;
				GCC_C_LANGUAGE_STANDARD = gnu11;
				GCC_NO_COMMON_BLOCKS = YES;
				GCC_WARN_64_TO_32_BIT_CONVERSION = YES;
				GCC_WARN_ABOUT_RETURN_TYPE = YES_ERROR;
				GCC_WARN_UNDECLARED_SELECTOR = YES;
				GCC_WARN_UNINITIALIZED_AUTOS = YES_AGGRESSIVE;
				GCC_WARN_UNUSED_FUNCTION = YES;
				GCC_WARN_UNUSED_VARIABLE = YES;
				IPHONEOS_DEPLOYMENT_TARGET = 15.0;
				MTL_ENABLE_DEBUG_INFO = NO;
				MTL_FAST_MATH = YES;
				SDKROOT = iphoneos;
				SWIFT_COMPILATION_MODE = wholemodule;
				SWIFT_OPTIMIZATION_LEVEL = "-O";
				VALIDATE_PRODUCT = YES;
			};
			name = Release;
		};
		E515A1632697FC95008D4FE4 /* Debug */ = {
			isa = XCBuildConfiguration;
			baseConfigurationReference = ED199E9CE3D2131CC83C5A04 /* Pods-Filmies.debug.xcconfig */;
			buildSettings = {
				ALWAYS_EMBED_SWIFT_STANDARD_LIBRARIES = YES;
				ASSETCATALOG_COMPILER_APPICON_NAME = AppIcon;
				ASSETCATALOG_COMPILER_GLOBAL_ACCENT_COLOR_NAME = AccentColor;
				CODE_SIGN_STYLE = Automatic;
				DEVELOPMENT_ASSET_PATHS = "\"Filmies/Preview Content\"";
				DEVELOPMENT_TEAM = QL7B6ZXFS7;
				ENABLE_PREVIEWS = YES;
				INFOPLIST_FILE = Filmies/Info.plist;
				IPHONEOS_DEPLOYMENT_TARGET = 15.0;
				LD_RUNPATH_SEARCH_PATHS = (
					"$(inherited)",
					"@executable_path/Frameworks",
				);
				PRODUCT_BUNDLE_IDENTIFIER = com.bryancolin.Filmies;
				PRODUCT_NAME = "$(TARGET_NAME)";
				SWIFT_VERSION = 5.0;
				TARGETED_DEVICE_FAMILY = "1,2";
			};
			name = Debug;
		};
		E515A1642697FC95008D4FE4 /* Release */ = {
			isa = XCBuildConfiguration;
			baseConfigurationReference = EAE79C3C2D7E56BD45275267 /* Pods-Filmies.release.xcconfig */;
			buildSettings = {
				ALWAYS_EMBED_SWIFT_STANDARD_LIBRARIES = YES;
				ASSETCATALOG_COMPILER_APPICON_NAME = AppIcon;
				ASSETCATALOG_COMPILER_GLOBAL_ACCENT_COLOR_NAME = AccentColor;
				CODE_SIGN_STYLE = Automatic;
				DEVELOPMENT_ASSET_PATHS = "\"Filmies/Preview Content\"";
				DEVELOPMENT_TEAM = QL7B6ZXFS7;
				ENABLE_PREVIEWS = YES;
				INFOPLIST_FILE = Filmies/Info.plist;
				IPHONEOS_DEPLOYMENT_TARGET = 15.0;
				LD_RUNPATH_SEARCH_PATHS = (
					"$(inherited)",
					"@executable_path/Frameworks",
				);
				PRODUCT_BUNDLE_IDENTIFIER = com.bryancolin.Filmies;
				PRODUCT_NAME = "$(TARGET_NAME)";
				SWIFT_VERSION = 5.0;
				TARGETED_DEVICE_FAMILY = "1,2";
			};
			name = Release;
		};
		E5269D0926FC6AF90061E48E /* Debug */ = {
			isa = XCBuildConfiguration;
			buildSettings = {
				ASSETCATALOG_COMPILER_GLOBAL_ACCENT_COLOR_NAME = AccentColor;
				ASSETCATALOG_COMPILER_WIDGET_BACKGROUND_COLOR_NAME = WidgetBackground;
				CLANG_CXX_LANGUAGE_STANDARD = "gnu++17";
				CODE_SIGN_STYLE = Automatic;
				CURRENT_PROJECT_VERSION = 1;
				DEVELOPMENT_TEAM = QL7B6ZXFS7;
				GENERATE_INFOPLIST_FILE = YES;
				INFOPLIST_FILE = FilmiesWidget/Info.plist;
				INFOPLIST_KEY_CFBundleDisplayName = FilmiesWidget;
				INFOPLIST_KEY_NSHumanReadableCopyright = "";
				LD_RUNPATH_SEARCH_PATHS = (
					"$(inherited)",
					"@executable_path/Frameworks",
					"@executable_path/../../Frameworks",
				);
				MARKETING_VERSION = 1.0;
				PRODUCT_BUNDLE_IDENTIFIER = com.bryancolin.Filmies.FilmiesWidget;
				PRODUCT_NAME = "$(TARGET_NAME)";
				SKIP_INSTALL = YES;
				SWIFT_EMIT_LOC_STRINGS = YES;
				SWIFT_VERSION = 5.0;
				TARGETED_DEVICE_FAMILY = "1,2";
			};
			name = Debug;
		};
		E5269D0A26FC6AF90061E48E /* Release */ = {
			isa = XCBuildConfiguration;
			buildSettings = {
				ASSETCATALOG_COMPILER_GLOBAL_ACCENT_COLOR_NAME = AccentColor;
				ASSETCATALOG_COMPILER_WIDGET_BACKGROUND_COLOR_NAME = WidgetBackground;
				CLANG_CXX_LANGUAGE_STANDARD = "gnu++17";
				CODE_SIGN_STYLE = Automatic;
				CURRENT_PROJECT_VERSION = 1;
				DEVELOPMENT_TEAM = QL7B6ZXFS7;
				GENERATE_INFOPLIST_FILE = YES;
				INFOPLIST_FILE = FilmiesWidget/Info.plist;
				INFOPLIST_KEY_CFBundleDisplayName = FilmiesWidget;
				INFOPLIST_KEY_NSHumanReadableCopyright = "";
				LD_RUNPATH_SEARCH_PATHS = (
					"$(inherited)",
					"@executable_path/Frameworks",
					"@executable_path/../../Frameworks",
				);
				MARKETING_VERSION = 1.0;
				PRODUCT_BUNDLE_IDENTIFIER = com.bryancolin.Filmies.FilmiesWidget;
				PRODUCT_NAME = "$(TARGET_NAME)";
				SKIP_INSTALL = YES;
				SWIFT_EMIT_LOC_STRINGS = YES;
				SWIFT_VERSION = 5.0;
				TARGETED_DEVICE_FAMILY = "1,2";
			};
			name = Release;
		};
/* End XCBuildConfiguration section */

/* Begin XCConfigurationList section */
		E515A14E2697FC85008D4FE4 /* Build configuration list for PBXProject "Filmies" */ = {
			isa = XCConfigurationList;
			buildConfigurations = (
				E515A1602697FC95008D4FE4 /* Debug */,
				E515A1612697FC95008D4FE4 /* Release */,
			);
			defaultConfigurationIsVisible = 0;
			defaultConfigurationName = Release;
		};
		E515A1622697FC95008D4FE4 /* Build configuration list for PBXNativeTarget "Filmies" */ = {
			isa = XCConfigurationList;
			buildConfigurations = (
				E515A1632697FC95008D4FE4 /* Debug */,
				E515A1642697FC95008D4FE4 /* Release */,
			);
			defaultConfigurationIsVisible = 0;
			defaultConfigurationName = Release;
		};
		E5269D0B26FC6AF90061E48E /* Build configuration list for PBXNativeTarget "FilmiesWidgetExtension" */ = {
			isa = XCConfigurationList;
			buildConfigurations = (
				E5269D0926FC6AF90061E48E /* Debug */,
				E5269D0A26FC6AF90061E48E /* Release */,
			);
			defaultConfigurationIsVisible = 0;
			defaultConfigurationName = Release;
		};
/* End XCConfigurationList section */
	};
	rootObject = E515A14B2697FC85008D4FE4 /* Project object */;
}
